
Microsoft Visual Studio Solution File, Format Version 12.00
# Visual Studio Version 17
VisualStudioVersion = 17.13.35919.96
MinimumVisualStudioVersion = 10.0.40219.1
Project("{FAE04EC0-301F-11D3-BF4B-00C04F79EFBC}") = "CSharpSoChiTieu.Web", "CSharpSoChiTieu.Web\CSharpSoChiTieu.Web.csproj", "{2316CF35-D234-4180-8444-1A0DDA98E2FB}"
EndProject
Project("{2150E333-8FDC-42A3-9474-1A3956D46DE8}") = "Applications", "Applications", "{02EA681E-C7D8-13C7-8484-4AC65E1B71E8}"
EndProject
Project("{2150E333-8FDC-42A3-9474-1A3956D46DE8}") = "Libraries", "Libraries", "{0CA16ED8-D16E-4922-9BE4-CEB3CA3E4F79}"
EndProject
Project("{FAE04EC0-301F-11D3-BF4B-00C04F79EFBC}") = "CSharpSoChiTieu.Business", "CSharpSoChiTieu.Business\CSharpSoChiTieu.Business.csproj", "{971C1DAF-F34B-4AE2-84E4-54B541B9F04F}"
EndProject
Project("{FAE04EC0-301F-11D3-BF4B-00C04F79EFBC}") = "CSharpSoChiTieu.common", "CSharpSoChiTieu.common\CSharpSoChiTieu.common.csproj", "{4D87B230-F10F-4489-A9DB-343CF803DC1A}"
EndProject
Project("{FAE04EC0-301F-11D3-BF4B-00C04F79EFBC}") = "CSharpSoChiTieu.Data", "CSharpSoChiTieu.Data\CSharpSoChiTieu.Data.csproj", "{827124CE-0731-4EBF-8162-B1D38CB5F3D5}"
EndProject
Global
	GlobalSection(SolutionConfigurationPlatforms) = preSolution
		Debug|Any CPU = Debug|Any CPU
		Release|Any CPU = Release|Any CPU
	EndGlobalSection
	GlobalSection(ProjectConfigurationPlatforms) = postSolution
		{2316CF35-D234-4180-8444-1A0DDA98E2FB}.Debug|Any CPU.ActiveCfg = Debug|Any CPU
		{2316CF35-D234-4180-8444-1A0DDA98E2FB}.Debug|Any CPU.Build.0 = Debug|Any CPU
		{2316CF35-D234-4180-8444-1A0DDA98E2FB}.Release|Any CPU.ActiveCfg = Release|Any CPU
		{2316CF35-D234-4180-8444-1A0DDA98E2FB}.Release|Any CPU.Build.0 = Release|Any CPU
		{971C1DAF-F34B-4AE2-84E4-54B541B9F04F}.Debug|Any CPU.ActiveCfg = Debug|Any CPU
		{971C1DAF-F34B-4AE2-84E4-54B541B9F04F}.Debug|Any CPU.Build.0 = Debug|Any CPU
		{971C1DAF-F34B-4AE2-84E4-54B541B9F04F}.Release|Any CPU.ActiveCfg = Release|Any CPU
		{971C1DAF-F34B-4AE2-84E4-54B541B9F04F}.Release|Any CPU.Build.0 = Release|Any CPU
		{4D87B230-F10F-4489-A9DB-343CF803DC1A}.Debug|Any CPU.ActiveCfg = Debug|Any CPU
		{4D87B230-F10F-4489-A9DB-343CF803DC1A}.Debug|Any CPU.Build.0 = Debug|Any CPU
		{4D87B230-F10F-4489-A9DB-343CF803DC1A}.Release|Any CPU.ActiveCfg = Release|Any CPU
		{4D87B230-F10F-4489-A9DB-343CF803DC1A}.Release|Any CPU.Build.0 = Release|Any CPU
		{827124CE-0731-4EBF-8162-B1D38CB5F3D5}.Debug|Any CPU.ActiveCfg = Debug|Any CPU
		{827124CE-0731-4EBF-8162-B1D38CB5F3D5}.Debug|Any CPU.Build.0 = Debug|Any CPU
		{827124CE-0731-4EBF-8162-B1D38CB5F3D5}.Release|Any CPU.ActiveCfg = Release|Any CPU
		{827124CE-0731-4EBF-8162-B1D38CB5F3D5}.Release|Any CPU.Build.0 = Release|Any CPU
	EndGlobalSection
	GlobalSection(SolutionProperties) = preSolution
		HideSolutionNode = FALSE
	EndGlobalSection
	GlobalSection(NestedProjects) = preSolution
		{2316CF35-D234-4180-8444-1A0DDA98E2FB} = {02EA681E-C7D8-13C7-8484-4AC65E1B71E8}
		{971C1DAF-F34B-4AE2-84E4-54B541B9F04F} = {0CA16ED8-D16E-4922-9BE4-CEB3CA3E4F79}
		{4D87B230-F10F-4489-A9DB-343CF803DC1A} = {0CA16ED8-D16E-4922-9BE4-CEB3CA3E4F79}
		{827124CE-0731-4EBF-8162-B1D38CB5F3D5} = {0CA16ED8-D16E-4922-9BE4-CEB3CA3E4F79}
	EndGlobalSection
	GlobalSection(ExtensibilityGlobals) = postSolution
		SolutionGuid = {F0284766-CCDB-4861-9CCF-41BF3F75A082}
	EndGlobalSection
EndGlobal
